// !$*UTF8*$!
{
	archiveVersion = 1;
	classes = {
	};
	objectVersion = 50;
	objects = {

/* Begin PBXBuildFile section */
		EE494EAB25B27794005450DF /* AppDelegate.swift in Sources */ = {isa = PBXBuildFile; fileRef = EE494EAA25B27794005450DF /* AppDelegate.swift */; };
		EE494EAD25B27794005450DF /* SceneDelegate.swift in Sources */ = {isa = PBXBuildFile; fileRef = EE494EAC25B27794005450DF /* SceneDelegate.swift */; };
		EE494EAF25B27794005450DF /* ViewController.swift in Sources */ = {isa = PBXBuildFile; fileRef = EE494EAE25B27794005450DF /* ViewController.swift */; };
		EE494EB225B27794005450DF /* Main.storyboard in Resources */ = {isa = PBXBuildFile; fileRef = EE494EB025B27794005450DF /* Main.storyboard */; };
		EE494EB525B27794005450DF /* EmojiTable.xcdatamodeld in Sources */ = {isa = PBXBuildFile; fileRef = EE494EB325B27794005450DF /* EmojiTable.xcdatamodeld */; };
		EE494EB725B27794005450DF /* Assets.xcassets in Resources */ = {isa = PBXBuildFile; fileRef = EE494EB625B27794005450DF /* Assets.xcassets */; };
		EE494EBA25B27794005450DF /* LaunchScreen.storyboard in Resources */ = {isa = PBXBuildFile; fileRef = EE494EB825B27794005450DF /* LaunchScreen.storyboard */; };
		EE494EC325B277D5005450DF /* Emoji.swift in Sources */ = {isa = PBXBuildFile; fileRef = EE494EC225B277D5005450DF /* Emoji.swift */; };
		EE494EC625B27913005450DF /* EmojiTableViewController.swift in Sources */ = {isa = PBXBuildFile; fileRef = EE494EC525B27913005450DF /* EmojiTableViewController.swift */; };
		EE494ECD25B2FF30005450DF /* EmojiTableViewCell.swift in Sources */ = {isa = PBXBuildFile; fileRef = EE494ECC25B2FF30005450DF /* EmojiTableViewCell.swift */; };
		EEBA160725B3332800F21C6F /* AddEditEmojiTableViewController.swift in Sources */ = {isa = PBXBuildFile; fileRef = EEBA160625B3332800F21C6F /* AddEditEmojiTableViewController.swift */; };
/* End PBXBuildFile section */

/* Begin PBXFileReference section */
		EE494EA725B27794005450DF /* EmojiTable.app */ = {isa = PBXFileReference; explicitFileType = wrapper.application; includeInIndex = 0; path = EmojiTable.app; sourceTree = BUILT_PRODUCTS_DIR; };
		EE494EAA25B27794005450DF /* AppDelegate.swift */ = {isa = PBXFileReference; lastKnownFileType = sourcecode.swift; path = AppDelegate.swift; sourceTree = "<group>"; };
		EE494EAC25B27794005450DF /* SceneDelegate.swift */ = {isa = PBXFileReference; lastKnownFileType = sourcecode.swift; path = SceneDelegate.swift; sourceTree = "<group>"; };
		EE494EAE25B27794005450DF /* ViewController.swift */ = {isa = PBXFileReference; lastKnownFileType = sourcecode.swift; path = ViewController.swift; sourceTree = "<group>"; };
		EE494EB125B27794005450DF /* Base */ = {isa = PBXFileReference; lastKnownFileType = file.storyboard; name = Base; path = Base.lproj/Main.storyboard; sourceTree = "<group>"; };
		EE494EB425B27794005450DF /* EmojiTable.xcdatamodel */ = {isa = PBXFileReference; lastKnownFileType = wrapper.xcdatamodel; path = EmojiTable.xcdatamodel; sourceTree = "<group>"; };
		EE494EB625B27794005450DF /* Assets.xcassets */ = {isa = PBXFileReference; lastKnownFileType = folder.assetcatalog; path = Assets.xcassets; sourceTree = "<group>"; };
		EE494EB925B27794005450DF /* Base */ = {isa = PBXFileReference; lastKnownFileType = file.storyboard; name = Base; path = Base.lproj/LaunchScreen.storyboard; sourceTree = "<group>"; };
		EE494EBB25B27794005450DF /* Info.plist */ = {isa = PBXFileReference; lastKnownFileType = text.plist.xml; path = Info.plist; sourceTree = "<group>"; };
		EE494EC225B277D5005450DF /* Emoji.swift */ = {isa = PBXFileReference; lastKnownFileType = sourcecode.swift; path = Emoji.swift; sourceTree = "<group>"; };
		EE494EC525B27913005450DF /* EmojiTableViewController.swift */ = {isa = PBXFileReference; lastKnownFileType = sourcecode.swift; path = EmojiTableViewController.swift; sourceTree = "<group>"; };
		EE494ECC25B2FF30005450DF /* EmojiTableViewCell.swift */ = {isa = PBXFileReference; lastKnownFileType = sourcecode.swift; path = EmojiTableViewCell.swift; sourceTree = "<group>"; };
		EEBA160625B3332800F21C6F /* AddEditEmojiTableViewController.swift */ = {isa = PBXFileReference; lastKnownFileType = sourcecode.swift; path = AddEditEmojiTableViewController.swift; sourceTree = "<group>"; };
/* End PBXFileReference section */

/* Begin PBXFrameworksBuildPhase section */
		EE494EA425B27794005450DF /* Frameworks */ = {
			isa = PBXFrameworksBuildPhase;
			buildActionMask = 2147483647;
			files = (
			);
			runOnlyForDeploymentPostprocessing = 0;
		};
/* End PBXFrameworksBuildPhase section */

/* Begin PBXGroup section */
		EE494E9E25B27794005450DF = {
			isa = PBXGroup;
			children = (
				EE494EA925B27794005450DF /* EmojiTable */,
				EE494EA825B27794005450DF /* Products */,
			);
			sourceTree = "<group>";
		};
		EE494EA825B27794005450DF /* Products */ = {
			isa = PBXGroup;
			children = (
				EE494EA725B27794005450DF /* EmojiTable.app */,
			);
			name = Products;
			sourceTree = "<group>";
		};
		EE494EA925B27794005450DF /* EmojiTable */ = {
			isa = PBXGroup;
			children = (
				EE494EAA25B27794005450DF /* AppDelegate.swift */,
				EE494EAC25B27794005450DF /* SceneDelegate.swift */,
				EE494EAE25B27794005450DF /* ViewController.swift */,
				EE494EB025B27794005450DF /* Main.storyboard */,
				EE494EB625B27794005450DF /* Assets.xcassets */,
				EE494EB825B27794005450DF /* LaunchScreen.storyboard */,
				EE494EBB25B27794005450DF /* Info.plist */,
				EE494EB325B27794005450DF /* EmojiTable.xcdatamodeld */,
				EE494EC225B277D5005450DF /* Emoji.swift */,
				EE494EC525B27913005450DF /* EmojiTableViewController.swift */,
				EE494ECC25B2FF30005450DF /* EmojiTableViewCell.swift */,
				EEBA160625B3332800F21C6F /* AddEditEmojiTableViewController.swift */,
			);
			path = EmojiTable;
			sourceTree = "<group>";
		};
/* End PBXGroup section */

/* Begin PBXNativeTarget section */
		EE494EA625B27794005450DF /* EmojiTable */ = {
			isa = PBXNativeTarget;
			buildConfigurationList = EE494EBE25B27794005450DF /* Build configuration list for PBXNativeTarget "EmojiTable" */;
			buildPhases = (
				EE494EA325B27794005450DF /* Sources */,
				EE494EA425B27794005450DF /* Frameworks */,
				EE494EA525B27794005450DF /* Resources */,
			);
			buildRules = (
			);
			dependencies = (
			);
			name = EmojiTable;
			productName = EmojiTable;
			productReference = EE494EA725B27794005450DF /* EmojiTable.app */;
			productType = "com.apple.product-type.application";
		};
/* End PBXNativeTarget section */

/* Begin PBXProject section */
		EE494E9F25B27794005450DF /* Project object */ = {
			isa = PBXProject;
			attributes = {
				LastSwiftUpdateCheck = 1230;
				LastUpgradeCheck = 1230;
				TargetAttributes = {
					EE494EA625B27794005450DF = {
						CreatedOnToolsVersion = 12.3;
					};
				};
			};
			buildConfigurationList = EE494EA225B27794005450DF /* Build configuration list for PBXProject "EmojiTable" */;
			compatibilityVersion = "Xcode 9.3";
			developmentRegion = en;
			hasScannedForEncodings = 0;
			knownRegions = (
				en,
				Base,
			);
			mainGroup = EE494E9E25B27794005450DF;
			productRefGroup = EE494EA825B27794005450DF /* Products */;
			projectDirPath = "";
			projectRoot = "";
			targets = (
				EE494EA625B27794005450DF /* EmojiTable */,
			);
		};
/* End PBXProject section */

/* Begin PBXResourcesBuildPhase section */
		EE494EA525B27794005450DF /* Resources */ = {
			isa = PBXResourcesBuildPhase;
			buildActionMask = 2147483647;
			files = (
				EE494EBA25B27794005450DF /* LaunchScreen.storyboard in Resources */,
				EE494EB725B27794005450DF /* Assets.xcassets in Resources */,
				EE494EB225B27794005450DF /* Main.storyboard in Resources */,
			);
			runOnlyForDeploymentPostprocessing = 0;
		};
/* End PBXResourcesBuildPhase section */

/* Begin PBXSourcesBuildPhase section */
		EE494EA325B27794005450DF /* Sources */ = {
			isa = PBXSourcesBuildPhase;
			buildActionMask = 2147483647;
			files = (
				EE494EC325B277D5005450DF /* Emoji.swift in Sources */,
				EE494EAF25B27794005450DF /* ViewController.swift in Sources */,
				EEBA160725B3332800F21C6F /* AddEditEmojiTableViewController.swift in Sources */,
				EE494EAB25B27794005450DF /* AppDelegate.swift in Sources */,
				EE494EAD25B27794005450DF /* SceneDelegate.swift in Sources */,
				EE494EC625B27913005450DF /* EmojiTableViewController.swift in Sources */,
				EE494ECD25B2FF30005450DF /* EmojiTableViewCell.swift in Sources */,
				EE494EB525B27794005450DF /* EmojiTable.xcdatamodeld in Sources */,
			);
			runOnlyForDeploymentPostprocessing = 0;
		};
/* End PBXSourcesBuildPhase section */

/* Begin PBXVariantGroup section */
		EE494EB025B27794005450DF /* Main.storyboard */ = {
			isa = PBXVariantGroup;
			children = (
				EE494EB125B27794005450DF /* Base */,
			);
			name = Main.storyboard;
			sourceTree = "<group>";
		};
		EE494EB825B27794005450DF /* LaunchScreen.storyboard */ = {
			isa = PBXVariantGroup;
			children = (
				EE494EB925B27794005450DF /* Base */,
			);
			name = LaunchScreen.storyboard;
			sourceTree = "<group>";
		};
/* End PBXVariantGroup section */

/* Begin XCBuildConfiguration section */
		EE494EBC25B27794005450DF /* Debug */ = {
			isa = XCBuildConfiguration;
			buildSettings = {
				ALWAYS_SEARCH_USER_PATHS = NO;
				CLANG_ANALYZER_NONNULL = YES;
				CLANG_ANALYZER_NUMBER_OBJECT_CONVERSION = YES_AGGRESSIVE;
				CLANG_CXX_LANGUAGE_STANDARD = "gnu++14";
				CLANG_CXX_LIBRARY = "libc++";
				CLANG_ENABLE_MODULES = YES;
				CLANG_ENABLE_OBJC_ARC = YES;
				CLANG_ENABLE_OBJC_WEAK = YES;
				CLANG_WARN_BLOCK_CAPTURE_AUTORELEASING = YES;
				CLANG_WARN_BOOL_CONVERSION = YES;
				CLANG_WARN_COMMA = YES;
				CLANG_WARN_CONSTANT_CONVERSION = YES;
				CLANG_WARN_DEPRECATED_OBJC_IMPLEMENTATIONS = YES;
				CLANG_WARN_DIRECT_OBJC_ISA_USAGE = YES_ERROR;
				CLANG_WARN_DOCUMENTATION_COMMENTS = YES;
				CLANG_WARN_EMPTY_BODY = YES;
				CLANG_WARN_ENUM_CONVERSION = YES;
				CLANG_WARN_INFINITE_RECURSION = YES;
				CLANG_WARN_INT_CONVERSION = YES;
				CLANG_WARN_NON_LITERAL_NULL_CONVERSION = YES;
				CLANG_WARN_OBJC_IMPLICIT_RETAIN_SELF = YES;
				CLANG_WARN_OBJC_LITERAL_CONVERSION = YES;
				CLANG_WARN_OBJC_ROOT_CLASS = YES_ERROR;
				CLANG_WARN_QUOTED_INCLUDE_IN_FRAMEWORK_HEADER = YES;
				CLANG_WARN_RANGE_LOOP_ANALYSIS = YES;
				CLANG_WARN_STRICT_PROTOTYPES = YES;
				CLANG_WARN_SUSPICIOUS_MOVE = YES;
				CLANG_WARN_UNGUARDED_AVAILABILITY = YES_AGGRESSIVE;
				CLANG_WARN_UNREACHABLE_CODE = YES;
				CLANG_WARN__DUPLICATE_METHOD_MATCH = YES;
				COPY_PHASE_STRIP = NO;
				DEBUG_INFORMATION_FORMAT = dwarf;
				ENABLE_STRICT_OBJC_MSGSEND = YES;
				ENABLE_TESTABILITY = YES;
				GCC_C_LANGUAGE_STANDARD = gnu11;
				GCC_DYNAMIC_NO_PIC = NO;
				GCC_NO_COMMON_BLOCKS = YES;
				GCC_OPTIMIZATION_LEVEL = 0;
				GCC_PREPROCESSOR_DEFINITIONS = (
					"DEBUG=1",
					"$(inherited)",
				);
				GCC_WARN_64_TO_32_BIT_CONVERSION = YES;
				GCC_WARN_ABOUT_RETURN_TYPE = YES_ERROR;
				GCC_WARN_UNDECLARED_SELECTOR = YES;
				GCC_WARN_UNINITIALIZED_AUTOS = YES_AGGRESSIVE;
				GCC_WARN_UNUSED_FUNCTION = YES;
				GCC_WARN_UNUSED_VARIABLE = YES;
				IPHONEOS_DEPLOYMENT_TARGET = 14.3;
				MTL_ENABLE_DEBUG_INFO = INCLUDE_SOURCE;
				MTL_FAST_MATH = YES;
				ONLY_ACTIVE_ARCH = YES;
				SDKROOT = iphoneos;
				SWIFT_ACTIVE_COMPILATION_CONDITIONS = DEBUG;
				SWIFT_OPTIMIZATION_LEVEL = "-Onone";
			};
			name = Debug;
		};
		EE494EBD25B27794005450DF /* Release */ = {
			isa = XCBuildConfiguration;
			buildSettings = {
				ALWAYS_SEARCH_USER_PATHS = NO;
				CLANG_ANALYZER_NONNULL = YES;
				CLANG_ANALYZER_NUMBER_OBJECT_CONVERSION = YES_AGGRESSIVE;
				CLANG_CXX_LANGUAGE_STANDARD = "gnu++14";
				CLANG_CXX_LIBRARY = "libc++";
				CLANG_ENABLE_MODULES = YES;
				CLANG_ENABLE_OBJC_ARC = YES;
				CLANG_ENABLE_OBJC_WEAK = YES;
				CLANG_WARN_BLOCK_CAPTURE_AUTORELEASING = YES;
				CLANG_WARN_BOOL_CONVERSION = YES;
				CLANG_WARN_COMMA = YES;
				CLANG_WARN_CONSTANT_CONVERSION = YES;
				CLANG_WARN_DEPRECATED_OBJC_IMPLEMENTATIONS = YES;
				CLANG_WARN_DIRECT_OBJC_ISA_USAGE = YES_ERROR;
				CLANG_WARN_DOCUMENTATION_COMMENTS = YES;
				CLANG_WARN_EMPTY_BODY = YES;
				CLANG_WARN_ENUM_CONVERSION = YES;
				CLANG_WARN_INFINITE_RECURSION = YES;
				CLANG_WARN_INT_CONVERSION = YES;
				CLANG_WARN_NON_LITERAL_NULL_CONVERSION = YES;
				CLANG_WARN_OBJC_IMPLICIT_RETAIN_SELF = YES;
				CLANG_WARN_OBJC_LITERAL_CONVERSION = YES;
				CLANG_WARN_OBJC_ROOT_CLASS = YES_ERROR;
				CLANG_WARN_QUOTED_INCLUDE_IN_FRAMEWORK_HEADER = YES;
				CLANG_WARN_RANGE_LOOP_ANALYSIS = YES;
				CLANG_WARN_STRICT_PROTOTYPES = YES;
				CLANG_WARN_SUSPICIOUS_MOVE = YES;
				CLANG_WARN_UNGUARDED_AVAILABILITY = YES_AGGRESSIVE;
				CLANG_WARN_UNREACHABLE_CODE = YES;
				CLANG_WARN__DUPLICATE_METHOD_MATCH = YES;
				COPY_PHASE_STRIP = NO;
				DEBUG_INFORMATION_FORMAT = "dwarf-with-dsym";
				ENABLE_NS_ASSERTIONS = NO;
				ENABLE_STRICT_OBJC_MSGSEND = YES;
				GCC_C_LANGUAGE_STANDARD = gnu11;
				GCC_NO_COMMON_BLOCKS = YES;
				GCC_WARN_64_TO_32_BIT_CONVERSION = YES;
				GCC_WARN_ABOUT_RETURN_TYPE = YES_ERROR;
				GCC_WARN_UNDECLARED_SELECTOR = YES;
				GCC_WARN_UNINITIALIZED_AUTOS = YES_AGGRESSIVE;
				GCC_WARN_UNUSED_FUNCTION = YES;
				GCC_WARN_UNUSED_VARIABLE = YES;
				IPHONEOS_DEPLOYMENT_TARGET = 14.3;
				MTL_ENABLE_DEBUG_INFO = NO;
				MTL_FAST_MATH = YES;
				SDKROOT = iphoneos;
				SWIFT_COMPILATION_MODE = wholemodule;
				SWIFT_OPTIMIZATION_LEVEL = "-O";
				VALIDATE_PRODUCT = YES;
			};
			name = Release;
		};
		EE494EBF25B27794005450DF /* Debug */ = {
			isa = XCBuildConfiguration;
			buildSettings = {
				ASSETCATALOG_COMPILER_APPICON_NAME = AppIcon;
				ASSETCATALOG_COMPILER_GLOBAL_ACCENT_COLOR_NAME = AccentColor;
				CODE_SIGN_STYLE = Automatic;
				DEVELOPMENT_TEAM = 84U9466FR2;
				INFOPLIST_FILE = EmojiTable/Info.plist;
				LD_RUNPATH_SEARCH_PATHS = (
					"$(inherited)",
					"@executable_path/Frameworks",
				);
				PRODUCT_BUNDLE_IDENTIFIER = "Park-Youngeun.EmojiTable";
				PRODUCT_NAME = "$(TARGET_NAME)";
				SWIFT_VERSION = 5.0;
				TARGETED_DEVICE_FAMILY = "1,2";
			};
			name = Debug;
		};
		EE494EC025B27794005450DF /* Release */ = {
			isa = XCBuildConfiguration;
			buildSettings = {
				ASSETCATALOG_COMPILER_APPICON_NAME = AppIcon;
				ASSETCATALOG_COMPILER_GLOBAL_ACCENT_COLOR_NAME = AccentColor;
				CODE_SIGN_STYLE = Automatic;
				DEVELOPMENT_TEAM = 84U9466FR2;
				INFOPLIST_FILE = EmojiTable/Info.plist;
				LD_RUNPATH_SEARCH_PATHS = (
					"$(inherited)",
					"@executable_path/Frameworks",
				);
				PRODUCT_BUNDLE_IDENTIFIER = "Park-Youngeun.EmojiTable";
				PRODUCT_NAME = "$(TARGET_NAME)";
				SWIFT_VERSION = 5.0;
				TARGETED_DEVICE_FAMILY = "1,2";
			};
			name = Release;
		};
/* End XCBuildConfiguration section */

/* Begin XCConfigurationList section */
		EE494EA225B27794005450DF /* Build configuration list for PBXProject "EmojiTable" */ = {
			isa = XCConfigurationList;
			buildConfigurations = (
				EE494EBC25B27794005450DF /* Debug */,
				EE494EBD25B27794005450DF /* Release */,
			);
			defaultConfigurationIsVisible = 0;
			defaultConfigurationName = Release;
		};
		EE494EBE25B27794005450DF /* Build configuration list for PBXNativeTarget "EmojiTable" */ = {
			isa = XCConfigurationList;
			buildConfigurations = (
				EE494EBF25B27794005450DF /* Debug */,
				EE494EC025B27794005450DF /* Release */,
			);
			defaultConfigurationIsVisible = 0;
			defaultConfigurationName = Release;
		};
/* End XCConfigurationList section */

/* Begin XCVersionGroup section */
		EE494EB325B27794005450DF /* EmojiTable.xcdatamodeld */ = {
			isa = XCVersionGroup;
			children = (
				EE494EB425B27794005450DF /* EmojiTable.xcdatamodel */,
			);
			currentVersion = EE494EB425B27794005450DF /* EmojiTable.xcdatamodel */;
			path = EmojiTable.xcdatamodeld;
			sourceTree = "<group>";
			versionGroupType = wrapper.xcdatamodel;
		};
/* End XCVersionGroup section */
	};
	rootObject = EE494E9F25B27794005450DF /* Project object */;
}
