// !$*UTF8*$!
{
	archiveVersion = 1;
	classes = {
	};
	objectVersion = 50;
	objects = {

/* Begin PBXBuildFile section */
		8E4B99D125AD4AF500F2B0BF /* AppDelegate.swift in Sources */ = {isa = PBXBuildFile; fileRef = 8E4B99D025AD4AF500F2B0BF /* AppDelegate.swift */; };
		8E4B99D325AD4AF500F2B0BF /* SceneDelegate.swift in Sources */ = {isa = PBXBuildFile; fileRef = 8E4B99D225AD4AF500F2B0BF /* SceneDelegate.swift */; };
		8E4B99D825AD4AF500F2B0BF /* Main.storyboard in Resources */ = {isa = PBXBuildFile; fileRef = 8E4B99D625AD4AF500F2B0BF /* Main.storyboard */; };
		8E4B99DA25AD4AF700F2B0BF /* Assets.xcassets in Resources */ = {isa = PBXBuildFile; fileRef = 8E4B99D925AD4AF700F2B0BF /* Assets.xcassets */; };
		8E4B99DD25AD4AF700F2B0BF /* LaunchScreen.storyboard in Resources */ = {isa = PBXBuildFile; fileRef = 8E4B99DB25AD4AF700F2B0BF /* LaunchScreen.storyboard */; };
		8E4B99E725AD4B8400F2B0BF /* FamilyShare.storyboard in Resources */ = {isa = PBXBuildFile; fileRef = 8E4B99E525AD4B8400F2B0BF /* FamilyShare.storyboard */; };
		8E4B99EB25AD4BE100F2B0BF /* FridgeMain.storyboard in Resources */ = {isa = PBXBuildFile; fileRef = 8E4B99E925AD4BE100F2B0BF /* FridgeMain.storyboard */; };
		8E4B99F325AD4C5900F2B0BF /* PurchaseRecord.storyboard in Resources */ = {isa = PBXBuildFile; fileRef = 8E4B99F125AD4C5900F2B0BF /* PurchaseRecord.storyboard */; };
		8E4B99F725AD4C9200F2B0BF /* ShopingCart.storyboard in Resources */ = {isa = PBXBuildFile; fileRef = 8E4B99F525AD4C9200F2B0BF /* ShopingCart.storyboard */; };
		8E4B99FE25AD4EFE00F2B0BF /* AddGroceryTableViewController.swift in Sources */ = {isa = PBXBuildFile; fileRef = 8E4B99F925AD4EFE00F2B0BF /* AddGroceryTableViewController.swift */; };
		8E4B99FF25AD4EFE00F2B0BF /* Grocery.swift in Sources */ = {isa = PBXBuildFile; fileRef = 8E4B99FA25AD4EFE00F2B0BF /* Grocery.swift */; };
		8E4B9A0025AD4EFE00F2B0BF /* GroceryListTableViewController.swift in Sources */ = {isa = PBXBuildFile; fileRef = 8E4B99FB25AD4EFE00F2B0BF /* GroceryListTableViewController.swift */; };
		8E4B9A0125AD4EFE00F2B0BF /* GroceryListTableViewCell.swift in Sources */ = {isa = PBXBuildFile; fileRef = 8E4B99FC25AD4EFE00F2B0BF /* GroceryListTableViewCell.swift */; };
		8E4B9A0225AD4EFE00F2B0BF /* UIButtonExtension.swift in Sources */ = {isa = PBXBuildFile; fileRef = 8E4B99FD25AD4EFE00F2B0BF /* UIButtonExtension.swift */; };
		8EA2CC2125B40EC900D80622 /* DefaultNameViewController.swift in Sources */ = {isa = PBXBuildFile; fileRef = 8EA2CC2025B40EC900D80622 /* DefaultNameViewController.swift */; };
		8EA2CC2425B40EE600D80622 /* CategoryTableViewController.swift in Sources */ = {isa = PBXBuildFile; fileRef = 8EA2CC2325B40EE600D80622 /* CategoryTableViewController.swift */; };
		8EA2CC2825B4201600D80622 /* SelectFridgeNameTableViewController.swift in Sources */ = {isa = PBXBuildFile; fileRef = 8EA2CC2725B4201600D80622 /* SelectFridgeNameTableViewController.swift */; };
		8EA2CC2C25B55A2500D80622 /* GroceryImge.swift in Sources */ = {isa = PBXBuildFile; fileRef = 8EA2CC2B25B55A2500D80622 /* GroceryImge.swift */; };
		8EA2CC6925BE7DB400D80622 /* AddGrocery.storyboard in Resources */ = {isa = PBXBuildFile; fileRef = 8EA2CC6825BE7DB400D80622 /* AddGrocery.storyboard */; };
		8EA2CC6C25BE7E3400D80622 /* SelectFridgeName.storyboard in Resources */ = {isa = PBXBuildFile; fileRef = 8EA2CC6B25BE7E3400D80622 /* SelectFridgeName.storyboard */; };
		8EA2CC7025C0223000D80622 /* ScannerViewController.swift in Sources */ = {isa = PBXBuildFile; fileRef = 8EA2CC6F25C0223000D80622 /* ScannerViewController.swift */; };
		8EA2CC7325C0267C00D80622 /* WebScrapper.swift in Sources */ = {isa = PBXBuildFile; fileRef = 8EA2CC7225C0267C00D80622 /* WebScrapper.swift */; };
		8EA2CC7A25C06CA700D80622 /* FridgeTabBarController.swift in Sources */ = {isa = PBXBuildFile; fileRef = 8EA2CC7925C06CA700D80622 /* FridgeTabBarController.swift */; };
		8EA2CC7F25C0809A00D80622 /* BezierCurveHelper.swift in Sources */ = {isa = PBXBuildFile; fileRef = 8EA2CC7E25C0809A00D80622 /* BezierCurveHelper.swift */; };
		EE281C6925B7E8D40017AF54 /* ShopingCartTableViewController.swift in Sources */ = {isa = PBXBuildFile; fileRef = EE281C6825B7E8D40017AF54 /* ShopingCartTableViewController.swift */; };
		EE281C7725B837300017AF54 /* ShopingCartTableViewCell.swift in Sources */ = {isa = PBXBuildFile; fileRef = EE281C7625B837300017AF54 /* ShopingCartTableViewCell.swift */; };
		F701FB6425B88779006906E8 /* PurchaseRecordTableViewCell.swift in Sources */ = {isa = PBXBuildFile; fileRef = F701FB6225B88779006906E8 /* PurchaseRecordTableViewCell.swift */; };
		F701FB6525B88779006906E8 /* PurchaseRecordTableViewController.swift in Sources */ = {isa = PBXBuildFile; fileRef = F701FB6325B88779006906E8 /* PurchaseRecordTableViewController.swift */; };
/* End PBXBuildFile section */

/* Begin PBXFileReference section */
		8E4B99CD25AD4AF500F2B0BF /* FreshFridge.app */ = {isa = PBXFileReference; explicitFileType = wrapper.application; includeInIndex = 0; path = FreshFridge.app; sourceTree = BUILT_PRODUCTS_DIR; };
		8E4B99D025AD4AF500F2B0BF /* AppDelegate.swift */ = {isa = PBXFileReference; lastKnownFileType = sourcecode.swift; path = AppDelegate.swift; sourceTree = "<group>"; };
		8E4B99D225AD4AF500F2B0BF /* SceneDelegate.swift */ = {isa = PBXFileReference; lastKnownFileType = sourcecode.swift; path = SceneDelegate.swift; sourceTree = "<group>"; };
		8E4B99D725AD4AF500F2B0BF /* Base */ = {isa = PBXFileReference; lastKnownFileType = file.storyboard; name = Base; path = Base.lproj/Main.storyboard; sourceTree = "<group>"; };
		8E4B99D925AD4AF700F2B0BF /* Assets.xcassets */ = {isa = PBXFileReference; lastKnownFileType = folder.assetcatalog; path = Assets.xcassets; sourceTree = "<group>"; };
		8E4B99DC25AD4AF700F2B0BF /* Base */ = {isa = PBXFileReference; lastKnownFileType = file.storyboard; name = Base; path = Base.lproj/LaunchScreen.storyboard; sourceTree = "<group>"; };
		8E4B99DE25AD4AF700F2B0BF /* Info.plist */ = {isa = PBXFileReference; lastKnownFileType = text.plist.xml; path = Info.plist; sourceTree = "<group>"; };
		8E4B99E625AD4B8400F2B0BF /* Base */ = {isa = PBXFileReference; lastKnownFileType = file.storyboard; name = Base; path = Base.lproj/FamilyShare.storyboard; sourceTree = "<group>"; };
		8E4B99EA25AD4BE100F2B0BF /* Base */ = {isa = PBXFileReference; lastKnownFileType = file.storyboard; name = Base; path = Base.lproj/FridgeMain.storyboard; sourceTree = "<group>"; };
		8E4B99F225AD4C5900F2B0BF /* Base */ = {isa = PBXFileReference; lastKnownFileType = file.storyboard; name = Base; path = Base.lproj/PurchaseRecord.storyboard; sourceTree = "<group>"; };
		8E4B99F625AD4C9200F2B0BF /* Base */ = {isa = PBXFileReference; lastKnownFileType = file.storyboard; name = Base; path = Base.lproj/ShopingCart.storyboard; sourceTree = "<group>"; };
		8E4B99F925AD4EFE00F2B0BF /* AddGroceryTableViewController.swift */ = {isa = PBXFileReference; fileEncoding = 4; lastKnownFileType = sourcecode.swift; path = AddGroceryTableViewController.swift; sourceTree = "<group>"; };
		8E4B99FA25AD4EFE00F2B0BF /* Grocery.swift */ = {isa = PBXFileReference; fileEncoding = 4; lastKnownFileType = sourcecode.swift; path = Grocery.swift; sourceTree = "<group>"; };
		8E4B99FB25AD4EFE00F2B0BF /* GroceryListTableViewController.swift */ = {isa = PBXFileReference; fileEncoding = 4; lastKnownFileType = sourcecode.swift; path = GroceryListTableViewController.swift; sourceTree = "<group>"; };
		8E4B99FC25AD4EFE00F2B0BF /* GroceryListTableViewCell.swift */ = {isa = PBXFileReference; fileEncoding = 4; lastKnownFileType = sourcecode.swift; path = GroceryListTableViewCell.swift; sourceTree = "<group>"; };
		8E4B99FD25AD4EFE00F2B0BF /* UIButtonExtension.swift */ = {isa = PBXFileReference; fileEncoding = 4; lastKnownFileType = sourcecode.swift; path = UIButtonExtension.swift; sourceTree = "<group>"; };
		8EA2CC2025B40EC900D80622 /* DefaultNameViewController.swift */ = {isa = PBXFileReference; lastKnownFileType = sourcecode.swift; path = DefaultNameViewController.swift; sourceTree = "<group>"; };
		8EA2CC2325B40EE600D80622 /* CategoryTableViewController.swift */ = {isa = PBXFileReference; lastKnownFileType = sourcecode.swift; path = CategoryTableViewController.swift; sourceTree = "<group>"; };
		8EA2CC2725B4201600D80622 /* SelectFridgeNameTableViewController.swift */ = {isa = PBXFileReference; lastKnownFileType = sourcecode.swift; path = SelectFridgeNameTableViewController.swift; sourceTree = "<group>"; };
		8EA2CC2B25B55A2500D80622 /* GroceryImge.swift */ = {isa = PBXFileReference; lastKnownFileType = sourcecode.swift; path = GroceryImge.swift; sourceTree = "<group>"; };
		8EA2CC6825BE7DB400D80622 /* AddGrocery.storyboard */ = {isa = PBXFileReference; lastKnownFileType = file.storyboard; path = AddGrocery.storyboard; sourceTree = "<group>"; };
		8EA2CC6B25BE7E3400D80622 /* SelectFridgeName.storyboard */ = {isa = PBXFileReference; lastKnownFileType = file.storyboard; path = SelectFridgeName.storyboard; sourceTree = "<group>"; };
		8EA2CC6F25C0223000D80622 /* ScannerViewController.swift */ = {isa = PBXFileReference; lastKnownFileType = sourcecode.swift; path = ScannerViewController.swift; sourceTree = "<group>"; };
		8EA2CC7225C0267C00D80622 /* WebScrapper.swift */ = {isa = PBXFileReference; lastKnownFileType = sourcecode.swift; path = WebScrapper.swift; sourceTree = "<group>"; };
		8EA2CC7925C06CA700D80622 /* FridgeTabBarController.swift */ = {isa = PBXFileReference; lastKnownFileType = sourcecode.swift; path = FridgeTabBarController.swift; sourceTree = "<group>"; };
		8EA2CC7E25C0809A00D80622 /* BezierCurveHelper.swift */ = {isa = PBXFileReference; fileEncoding = 4; lastKnownFileType = sourcecode.swift; path = BezierCurveHelper.swift; sourceTree = "<group>"; };
		EE281C6825B7E8D40017AF54 /* ShopingCartTableViewController.swift */ = {isa = PBXFileReference; lastKnownFileType = sourcecode.swift; path = ShopingCartTableViewController.swift; sourceTree = "<group>"; };
		EE281C7625B837300017AF54 /* ShopingCartTableViewCell.swift */ = {isa = PBXFileReference; lastKnownFileType = sourcecode.swift; path = ShopingCartTableViewCell.swift; sourceTree = "<group>"; };
		F701FB6225B88779006906E8 /* PurchaseRecordTableViewCell.swift */ = {isa = PBXFileReference; fileEncoding = 4; lastKnownFileType = sourcecode.swift; path = PurchaseRecordTableViewCell.swift; sourceTree = "<group>"; };
		F701FB6325B88779006906E8 /* PurchaseRecordTableViewController.swift */ = {isa = PBXFileReference; fileEncoding = 4; lastKnownFileType = sourcecode.swift; path = PurchaseRecordTableViewController.swift; sourceTree = "<group>"; };
/* End PBXFileReference section */

/* Begin PBXFrameworksBuildPhase section */
		8E4B99CA25AD4AF500F2B0BF /* Frameworks */ = {
			isa = PBXFrameworksBuildPhase;
			buildActionMask = 2147483647;
			files = (
			);
			runOnlyForDeploymentPostprocessing = 0;
		};
/* End PBXFrameworksBuildPhase section */

/* Begin PBXGroup section */
		8E4B99C425AD4AF500F2B0BF = {
			isa = PBXGroup;
			children = (
				8E4B99CF25AD4AF500F2B0BF /* FreshFridge */,
				8E4B99CE25AD4AF500F2B0BF /* Products */,
			);
			sourceTree = "<group>";
		};
		8E4B99CE25AD4AF500F2B0BF /* Products */ = {
			isa = PBXGroup;
			children = (
				8E4B99CD25AD4AF500F2B0BF /* FreshFridge.app */,
			);
			name = Products;
			sourceTree = "<group>";
		};
		8E4B99CF25AD4AF500F2B0BF /* FreshFridge */ = {
			isa = PBXGroup;
			children = (
				8E4B99D025AD4AF500F2B0BF /* AppDelegate.swift */,
				8E4B99D225AD4AF500F2B0BF /* SceneDelegate.swift */,
				8EA2CC7E25C0809A00D80622 /* BezierCurveHelper.swift */,
				8EA2CC7925C06CA700D80622 /* FridgeTabBarController.swift */,
				8E4B99FD25AD4EFE00F2B0BF /* UIButtonExtension.swift */,
				8E4B99FA25AD4EFE00F2B0BF /* Grocery.swift */,
				8EA2CC2B25B55A2500D80622 /* GroceryImge.swift */,
				8E4B99E925AD4BE100F2B0BF /* FridgeMain.storyboard */,
				8E4B99FB25AD4EFE00F2B0BF /* GroceryListTableViewController.swift */,
				8E4B99FC25AD4EFE00F2B0BF /* GroceryListTableViewCell.swift */,
				8EA2CC6825BE7DB400D80622 /* AddGrocery.storyboard */,
				8E4B99F925AD4EFE00F2B0BF /* AddGroceryTableViewController.swift */,
				8EA2CC6F25C0223000D80622 /* ScannerViewController.swift */,
				8EA2CC7225C0267C00D80622 /* WebScrapper.swift */,
				8EA2CC2025B40EC900D80622 /* DefaultNameViewController.swift */,
				8EA2CC2325B40EE600D80622 /* CategoryTableViewController.swift */,
				8EA2CC6B25BE7E3400D80622 /* SelectFridgeName.storyboard */,
				8EA2CC2725B4201600D80622 /* SelectFridgeNameTableViewController.swift */,
				8E4B99F125AD4C5900F2B0BF /* PurchaseRecord.storyboard */,
				F701FB6325B88779006906E8 /* PurchaseRecordTableViewController.swift */,
				F701FB6225B88779006906E8 /* PurchaseRecordTableViewCell.swift */,
				8E4B99F525AD4C9200F2B0BF /* ShopingCart.storyboard */,
				EE281C7625B837300017AF54 /* ShopingCartTableViewCell.swift */,
				EE281C6825B7E8D40017AF54 /* ShopingCartTableViewController.swift */,
				8E4B99D925AD4AF700F2B0BF /* Assets.xcassets */,
				8E4B99DB25AD4AF700F2B0BF /* LaunchScreen.storyboard */,
				8E4B99D625AD4AF500F2B0BF /* Main.storyboard */,
				8E4B99E525AD4B8400F2B0BF /* FamilyShare.storyboard */,
				8E4B99DE25AD4AF700F2B0BF /* Info.plist */,
			);
			path = FreshFridge;
			sourceTree = "<group>";
		};
/* End PBXGroup section */

/* Begin PBXNativeTarget section */
		8E4B99CC25AD4AF500F2B0BF /* FreshFridge */ = {
			isa = PBXNativeTarget;
			buildConfigurationList = 8E4B99E125AD4AF700F2B0BF /* Build configuration list for PBXNativeTarget "FreshFridge" */;
			buildPhases = (
				8E4B99C925AD4AF500F2B0BF /* Sources */,
				8E4B99CA25AD4AF500F2B0BF /* Frameworks */,
				8E4B99CB25AD4AF500F2B0BF /* Resources */,
			);
			buildRules = (
			);
			dependencies = (
			);
			name = FreshFridge;
			productName = FreshFridge;
			productReference = 8E4B99CD25AD4AF500F2B0BF /* FreshFridge.app */;
			productType = "com.apple.product-type.application";
		};
/* End PBXNativeTarget section */

/* Begin PBXProject section */
		8E4B99C525AD4AF500F2B0BF /* Project object */ = {
			isa = PBXProject;
			attributes = {
				LastSwiftUpdateCheck = 1230;
				LastUpgradeCheck = 1230;
				TargetAttributes = {
					8E4B99CC25AD4AF500F2B0BF = {
						CreatedOnToolsVersion = 12.3;
					};
				};
			};
			buildConfigurationList = 8E4B99C825AD4AF500F2B0BF /* Build configuration list for PBXProject " FreshFridge" */;
			compatibilityVersion = "Xcode 9.3";
			developmentRegion = en;
			hasScannedForEncodings = 0;
			knownRegions = (
				en,
				Base,
			);
			mainGroup = 8E4B99C425AD4AF500F2B0BF;
			productRefGroup = 8E4B99CE25AD4AF500F2B0BF /* Products */;
			projectDirPath = "";
			projectRoot = "";
			targets = (
				8E4B99CC25AD4AF500F2B0BF /* FreshFridge */,
			);
		};
/* End PBXProject section */

/* Begin PBXResourcesBuildPhase section */
		8E4B99CB25AD4AF500F2B0BF /* Resources */ = {
			isa = PBXResourcesBuildPhase;
			buildActionMask = 2147483647;
			files = (
				8EA2CC6C25BE7E3400D80622 /* SelectFridgeName.storyboard in Resources */,
				8EA2CC6925BE7DB400D80622 /* AddGrocery.storyboard in Resources */,
				8E4B99F325AD4C5900F2B0BF /* PurchaseRecord.storyboard in Resources */,
				8E4B99EB25AD4BE100F2B0BF /* FridgeMain.storyboard in Resources */,
				8E4B99DD25AD4AF700F2B0BF /* LaunchScreen.storyboard in Resources */,
				8E4B99DA25AD4AF700F2B0BF /* Assets.xcassets in Resources */,
				8E4B99E725AD4B8400F2B0BF /* FamilyShare.storyboard in Resources */,
				8E4B99D825AD4AF500F2B0BF /* Main.storyboard in Resources */,
				8E4B99F725AD4C9200F2B0BF /* ShopingCart.storyboard in Resources */,
			);
			runOnlyForDeploymentPostprocessing = 0;
		};
/* End PBXResourcesBuildPhase section */

/* Begin PBXSourcesBuildPhase section */
		8E4B99C925AD4AF500F2B0BF /* Sources */ = {
			isa = PBXSourcesBuildPhase;
			buildActionMask = 2147483647;
			files = (
				8EA2CC7F25C0809A00D80622 /* BezierCurveHelper.swift in Sources */,
				8E4B9A0225AD4EFE00F2B0BF /* UIButtonExtension.swift in Sources */,
				EE281C7725B837300017AF54 /* ShopingCartTableViewCell.swift in Sources */,
				F701FB6525B88779006906E8 /* PurchaseRecordTableViewController.swift in Sources */,
				8E4B9A0125AD4EFE00F2B0BF /* GroceryListTableViewCell.swift in Sources */,
				EE281C6925B7E8D40017AF54 /* ShopingCartTableViewController.swift in Sources */,
				8E4B9A0025AD4EFE00F2B0BF /* GroceryListTableViewController.swift in Sources */,
				8EA2CC2125B40EC900D80622 /* DefaultNameViewController.swift in Sources */,
				8E4B99FE25AD4EFE00F2B0BF /* AddGroceryTableViewController.swift in Sources */,
				F701FB6425B88779006906E8 /* PurchaseRecordTableViewCell.swift in Sources */,
				8E4B99D125AD4AF500F2B0BF /* AppDelegate.swift in Sources */,
				8EA2CC2425B40EE600D80622 /* CategoryTableViewController.swift in Sources */,
				8EA2CC7025C0223000D80622 /* ScannerViewController.swift in Sources */,
				8E4B99D325AD4AF500F2B0BF /* SceneDelegate.swift in Sources */,
				8EA2CC2C25B55A2500D80622 /* GroceryImge.swift in Sources */,
				8EA2CC7A25C06CA700D80622 /* FridgeTabBarController.swift in Sources */,
				8EA2CC2825B4201600D80622 /* SelectFridgeNameTableViewController.swift in Sources */,
				8EA2CC7325C0267C00D80622 /* WebScrapper.swift in Sources */,
				8E4B99FF25AD4EFE00F2B0BF /* Grocery.swift in Sources */,
			);
			runOnlyForDeploymentPostprocessing = 0;
		};
/* End PBXSourcesBuildPhase section */

/* Begin PBXVariantGroup section */
		8E4B99D625AD4AF500F2B0BF /* Main.storyboard */ = {
			isa = PBXVariantGroup;
			children = (
				8E4B99D725AD4AF500F2B0BF /* Base */,
			);
			name = Main.storyboard;
			sourceTree = "<group>";
		};
		8E4B99DB25AD4AF700F2B0BF /* LaunchScreen.storyboard */ = {
			isa = PBXVariantGroup;
			children = (
				8E4B99DC25AD4AF700F2B0BF /* Base */,
			);
			name = LaunchScreen.storyboard;
			sourceTree = "<group>";
		};
		8E4B99E525AD4B8400F2B0BF /* FamilyShare.storyboard */ = {
			isa = PBXVariantGroup;
			children = (
				8E4B99E625AD4B8400F2B0BF /* Base */,
			);
			name = FamilyShare.storyboard;
			sourceTree = "<group>";
		};
		8E4B99E925AD4BE100F2B0BF /* FridgeMain.storyboard */ = {
			isa = PBXVariantGroup;
			children = (
				8E4B99EA25AD4BE100F2B0BF /* Base */,
			);
			name = FridgeMain.storyboard;
			sourceTree = "<group>";
		};
		8E4B99F125AD4C5900F2B0BF /* PurchaseRecord.storyboard */ = {
			isa = PBXVariantGroup;
			children = (
				8E4B99F225AD4C5900F2B0BF /* Base */,
			);
			name = PurchaseRecord.storyboard;
			sourceTree = "<group>";
		};
		8E4B99F525AD4C9200F2B0BF /* ShopingCart.storyboard */ = {
			isa = PBXVariantGroup;
			children = (
				8E4B99F625AD4C9200F2B0BF /* Base */,
			);
			name = ShopingCart.storyboard;
			sourceTree = "<group>";
		};
/* End PBXVariantGroup section */

/* Begin XCBuildConfiguration section */
		8E4B99DF25AD4AF700F2B0BF /* Debug */ = {
			isa = XCBuildConfiguration;
			buildSettings = {
				ALWAYS_SEARCH_USER_PATHS = NO;
				CLANG_ANALYZER_NONNULL = YES;
				CLANG_ANALYZER_NUMBER_OBJECT_CONVERSION = YES_AGGRESSIVE;
				CLANG_CXX_LANGUAGE_STANDARD = "gnu++14";
				CLANG_CXX_LIBRARY = "libc++";
				CLANG_ENABLE_MODULES = YES;
				CLANG_ENABLE_OBJC_ARC = YES;
				CLANG_ENABLE_OBJC_WEAK = YES;
				CLANG_WARN_BLOCK_CAPTURE_AUTORELEASING = YES;
				CLANG_WARN_BOOL_CONVERSION = YES;
				CLANG_WARN_COMMA = YES;
				CLANG_WARN_CONSTANT_CONVERSION = YES;
				CLANG_WARN_DEPRECATED_OBJC_IMPLEMENTATIONS = YES;
				CLANG_WARN_DIRECT_OBJC_ISA_USAGE = YES_ERROR;
				CLANG_WARN_DOCUMENTATION_COMMENTS = YES;
				CLANG_WARN_EMPTY_BODY = YES;
				CLANG_WARN_ENUM_CONVERSION = YES;
				CLANG_WARN_INFINITE_RECURSION = YES;
				CLANG_WARN_INT_CONVERSION = YES;
				CLANG_WARN_NON_LITERAL_NULL_CONVERSION = YES;
				CLANG_WARN_OBJC_IMPLICIT_RETAIN_SELF = YES;
				CLANG_WARN_OBJC_LITERAL_CONVERSION = YES;
				CLANG_WARN_OBJC_ROOT_CLASS = YES_ERROR;
				CLANG_WARN_QUOTED_INCLUDE_IN_FRAMEWORK_HEADER = YES;
				CLANG_WARN_RANGE_LOOP_ANALYSIS = YES;
				CLANG_WARN_STRICT_PROTOTYPES = YES;
				CLANG_WARN_SUSPICIOUS_MOVE = YES;
				CLANG_WARN_UNGUARDED_AVAILABILITY = YES_AGGRESSIVE;
				CLANG_WARN_UNREACHABLE_CODE = YES;
				CLANG_WARN__DUPLICATE_METHOD_MATCH = YES;
				COPY_PHASE_STRIP = NO;
				DEBUG_INFORMATION_FORMAT = dwarf;
				ENABLE_STRICT_OBJC_MSGSEND = YES;
				ENABLE_TESTABILITY = YES;
				GCC_C_LANGUAGE_STANDARD = gnu11;
				GCC_DYNAMIC_NO_PIC = NO;
				GCC_NO_COMMON_BLOCKS = YES;
				GCC_OPTIMIZATION_LEVEL = 0;
				GCC_PREPROCESSOR_DEFINITIONS = (
					"DEBUG=1",
					"$(inherited)",
				);
				GCC_WARN_64_TO_32_BIT_CONVERSION = YES;
				GCC_WARN_ABOUT_RETURN_TYPE = YES_ERROR;
				GCC_WARN_UNDECLARED_SELECTOR = YES;
				GCC_WARN_UNINITIALIZED_AUTOS = YES_AGGRESSIVE;
				GCC_WARN_UNUSED_FUNCTION = YES;
				GCC_WARN_UNUSED_VARIABLE = YES;
				IPHONEOS_DEPLOYMENT_TARGET = 14.3;
				MTL_ENABLE_DEBUG_INFO = INCLUDE_SOURCE;
				MTL_FAST_MATH = YES;
				ONLY_ACTIVE_ARCH = YES;
				SDKROOT = iphoneos;
				SWIFT_ACTIVE_COMPILATION_CONDITIONS = DEBUG;
				SWIFT_OPTIMIZATION_LEVEL = "-Onone";
			};
			name = Debug;
		};
		8E4B99E025AD4AF700F2B0BF /* Release */ = {
			isa = XCBuildConfiguration;
			buildSettings = {
				ALWAYS_SEARCH_USER_PATHS = NO;
				CLANG_ANALYZER_NONNULL = YES;
				CLANG_ANALYZER_NUMBER_OBJECT_CONVERSION = YES_AGGRESSIVE;
				CLANG_CXX_LANGUAGE_STANDARD = "gnu++14";
				CLANG_CXX_LIBRARY = "libc++";
				CLANG_ENABLE_MODULES = YES;
				CLANG_ENABLE_OBJC_ARC = YES;
				CLANG_ENABLE_OBJC_WEAK = YES;
				CLANG_WARN_BLOCK_CAPTURE_AUTORELEASING = YES;
				CLANG_WARN_BOOL_CONVERSION = YES;
				CLANG_WARN_COMMA = YES;
				CLANG_WARN_CONSTANT_CONVERSION = YES;
				CLANG_WARN_DEPRECATED_OBJC_IMPLEMENTATIONS = YES;
				CLANG_WARN_DIRECT_OBJC_ISA_USAGE = YES_ERROR;
				CLANG_WARN_DOCUMENTATION_COMMENTS = YES;
				CLANG_WARN_EMPTY_BODY = YES;
				CLANG_WARN_ENUM_CONVERSION = YES;
				CLANG_WARN_INFINITE_RECURSION = YES;
				CLANG_WARN_INT_CONVERSION = YES;
				CLANG_WARN_NON_LITERAL_NULL_CONVERSION = YES;
				CLANG_WARN_OBJC_IMPLICIT_RETAIN_SELF = YES;
				CLANG_WARN_OBJC_LITERAL_CONVERSION = YES;
				CLANG_WARN_OBJC_ROOT_CLASS = YES_ERROR;
				CLANG_WARN_QUOTED_INCLUDE_IN_FRAMEWORK_HEADER = YES;
				CLANG_WARN_RANGE_LOOP_ANALYSIS = YES;
				CLANG_WARN_STRICT_PROTOTYPES = YES;
				CLANG_WARN_SUSPICIOUS_MOVE = YES;
				CLANG_WARN_UNGUARDED_AVAILABILITY = YES_AGGRESSIVE;
				CLANG_WARN_UNREACHABLE_CODE = YES;
				CLANG_WARN__DUPLICATE_METHOD_MATCH = YES;
				COPY_PHASE_STRIP = NO;
				DEBUG_INFORMATION_FORMAT = "dwarf-with-dsym";
				ENABLE_NS_ASSERTIONS = NO;
				ENABLE_STRICT_OBJC_MSGSEND = YES;
				GCC_C_LANGUAGE_STANDARD = gnu11;
				GCC_NO_COMMON_BLOCKS = YES;
				GCC_WARN_64_TO_32_BIT_CONVERSION = YES;
				GCC_WARN_ABOUT_RETURN_TYPE = YES_ERROR;
				GCC_WARN_UNDECLARED_SELECTOR = YES;
				GCC_WARN_UNINITIALIZED_AUTOS = YES_AGGRESSIVE;
				GCC_WARN_UNUSED_FUNCTION = YES;
				GCC_WARN_UNUSED_VARIABLE = YES;
				IPHONEOS_DEPLOYMENT_TARGET = 14.3;
				MTL_ENABLE_DEBUG_INFO = NO;
				MTL_FAST_MATH = YES;
				SDKROOT = iphoneos;
				SWIFT_COMPILATION_MODE = wholemodule;
				SWIFT_OPTIMIZATION_LEVEL = "-O";
				VALIDATE_PRODUCT = YES;
			};
			name = Release;
		};
		8E4B99E225AD4AF700F2B0BF /* Debug */ = {
			isa = XCBuildConfiguration;
			buildSettings = {
				ASSETCATALOG_COMPILER_APPICON_NAME = AppIcon;
				ASSETCATALOG_COMPILER_GLOBAL_ACCENT_COLOR_NAME = AccentColor;
				CODE_SIGN_STYLE = Automatic;
				DEVELOPMENT_TEAM = 84U9466FR2;
				"EXCLUDED_ARCHS[sdk=iphonesimulator*]" = arm64;
				INFOPLIST_FILE = FreshFridge/Info.plist;
				LD_RUNPATH_SEARCH_PATHS = (
					"$(inherited)",
					"@executable_path/Frameworks",
				);
				PRODUCT_BUNDLE_IDENTIFIER = FridgeManager.FreshFridge;
				PRODUCT_NAME = "$(TARGET_NAME)";
				SWIFT_VERSION = 5.0;
				TARGETED_DEVICE_FAMILY = "1,2";
			};
			name = Debug;
		};
		8E4B99E325AD4AF700F2B0BF /* Release */ = {
			isa = XCBuildConfiguration;
			buildSettings = {
				ASSETCATALOG_COMPILER_APPICON_NAME = AppIcon;
				ASSETCATALOG_COMPILER_GLOBAL_ACCENT_COLOR_NAME = AccentColor;
				CODE_SIGN_STYLE = Automatic;
				DEVELOPMENT_TEAM = 84U9466FR2;
				INFOPLIST_FILE = FreshFridge/Info.plist;
				LD_RUNPATH_SEARCH_PATHS = (
					"$(inherited)",
					"@executable_path/Frameworks",
				);
				PRODUCT_BUNDLE_IDENTIFIER = FridgeManager.FreshFridge;
				PRODUCT_NAME = "$(TARGET_NAME)";
				SWIFT_VERSION = 5.0;
				TARGETED_DEVICE_FAMILY = "1,2";
			};
			name = Release;
		};
/* End XCBuildConfiguration section */

/* Begin XCConfigurationList section */
		8E4B99C825AD4AF500F2B0BF /* Build configuration list for PBXProject " FreshFridge" */ = {
			isa = XCConfigurationList;
			buildConfigurations = (
				8E4B99DF25AD4AF700F2B0BF /* Debug */,
				8E4B99E025AD4AF700F2B0BF /* Release */,
			);
			defaultConfigurationIsVisible = 0;
			defaultConfigurationName = Release;
		};
		8E4B99E125AD4AF700F2B0BF /* Build configuration list for PBXNativeTarget "FreshFridge" */ = {
			isa = XCConfigurationList;
			buildConfigurations = (
				8E4B99E225AD4AF700F2B0BF /* Debug */,
				8E4B99E325AD4AF700F2B0BF /* Release */,
			);
			defaultConfigurationIsVisible = 0;
			defaultConfigurationName = Release;
		};
/* End XCConfigurationList section */
	};
	rootObject = 8E4B99C525AD4AF500F2B0BF /* Project object */;
}
